
Microsoft Visual Studio Solution File, Format Version 12.00
Project("{FAE04EC0-301F-11D3-BF4B-00C04F79EFBC}") = "FixCrowdStrike", "FixCrowdStrike\FixCrowdStrike.csproj", "{337951C2-E0C2-400E-A361-C76B330231DA}"
EndProject
Global
	GlobalSection(SolutionConfigurationPlatforms) = preSolution
		Debug|Any CPU = Debug|Any CPU
		Release|Any CPU = Release|Any CPU
	EndGlobalSection
	GlobalSection(ProjectConfigurationPlatforms) = postSolution
		{337951C2-E0C2-400E-A361-C76B330231DA}.Debug|Any CPU.ActiveCfg = Debug|Any CPU
		{337951C2-E0C2-400E-A361-C76B330231DA}.Debug|Any CPU.Build.0 = Debug|Any CPU
		{337951C2-E0C2-400E-A361-C76B330231DA}.Release|Any CPU.ActiveCfg = Release|Any CPU
		{337951C2-E0C2-400E-A361-C76B330231DA}.Release|Any CPU.Build.0 = Release|Any CPU
	EndGlobalSection
EndGlobal
